
Microsoft Visual Studio Solution File, Format Version 11.00
# Visual Studio 2010
Project("{FAE04EC0-301F-11D3-BF4B-00C04F79EFBC}") = "Monitor.ConsoleView", "Monitor.ConsoleView\Monitor.ConsoleView.csproj", "{8EAFEAE5-05DE-44C6-8416-5CDE07D63883}"
EndProject
Project("{FAE04EC0-301F-11D3-BF4B-00C04F79EFBC}") = "Monitor.Common", "Monitor.Common\Monitor.Common.csproj", "{FF39BAC2-BBF4-491C-A642-38A8485206CF}"
EndProject
Project("{FAE04EC0-301F-11D3-BF4B-00C04F79EFBC}") = "Monitor.Communication", "Monitor.Communication\Monitor.Communication.csproj", "{3B577C98-33BA-4868-BA84-0A49CC30E3A4}"
EndProject
Project("{2150E333-8FDC-42A3-9474-1A3956D46DE8}") = "Solution Items", "Solution Items", "{87555600-B085-4D3B-864F-121D26283896}"
	ProjectSection(SolutionItems) = preProject
		Local.testsettings = Local.testsettings
		Monitor.vsmdi = Monitor.vsmdi
		TraceAndTestImpact.testsettings = TraceAndTestImpact.testsettings
	EndProjectSection
EndProject
Project("{FAE04EC0-301F-11D3-BF4B-00C04F79EFBC}") = "Monitor.Schedule", "Monitor.Schedule\Monitor.Schedule.csproj", "{C54CEA7E-C22B-47F4-B368-98B9A90456E6}"
EndProject
Project("{FAE04EC0-301F-11D3-BF4B-00C04F79EFBC}") = "Monitor.Tray", "Monitor.Tray\Monitor.Tray.csproj", "{5F2DD5F7-E275-4C34-B394-F7D496D9503D}"
EndProject
Global
	GlobalSection(TestCaseManagementSettings) = postSolution
		CategoryFile = Monitor.vsmdi
	EndGlobalSection
	GlobalSection(SolutionConfigurationPlatforms) = preSolution
		Debug|Any CPU = Debug|Any CPU
		Debug|Mixed Platforms = Debug|Mixed Platforms
		Debug|x86 = Debug|x86
		Release|Any CPU = Release|Any CPU
		Release|Mixed Platforms = Release|Mixed Platforms
		Release|x86 = Release|x86
	EndGlobalSection
	GlobalSection(ProjectConfigurationPlatforms) = postSolution
		{8EAFEAE5-05DE-44C6-8416-5CDE07D63883}.Debug|Any CPU.ActiveCfg = Debug|x86
		{8EAFEAE5-05DE-44C6-8416-5CDE07D63883}.Debug|Mixed Platforms.ActiveCfg = Debug|x86
		{8EAFEAE5-05DE-44C6-8416-5CDE07D63883}.Debug|Mixed Platforms.Build.0 = Debug|x86
		{8EAFEAE5-05DE-44C6-8416-5CDE07D63883}.Debug|x86.ActiveCfg = Debug|x86
		{8EAFEAE5-05DE-44C6-8416-5CDE07D63883}.Debug|x86.Build.0 = Debug|x86
		{8EAFEAE5-05DE-44C6-8416-5CDE07D63883}.Release|Any CPU.ActiveCfg = Release|x86
		{8EAFEAE5-05DE-44C6-8416-5CDE07D63883}.Release|Mixed Platforms.ActiveCfg = Release|x86
		{8EAFEAE5-05DE-44C6-8416-5CDE07D63883}.Release|Mixed Platforms.Build.0 = Release|x86
		{8EAFEAE5-05DE-44C6-8416-5CDE07D63883}.Release|x86.ActiveCfg = Release|x86
		{8EAFEAE5-05DE-44C6-8416-5CDE07D63883}.Release|x86.Build.0 = Release|x86
		{FF39BAC2-BBF4-491C-A642-38A8485206CF}.Debug|Any CPU.ActiveCfg = Debug|Any CPU
		{FF39BAC2-BBF4-491C-A642-38A8485206CF}.Debug|Any CPU.Build.0 = Debug|Any CPU
		{FF39BAC2-BBF4-491C-A642-38A8485206CF}.Debug|Mixed Platforms.ActiveCfg = Debug|Any CPU
		{FF39BAC2-BBF4-491C-A642-38A8485206CF}.Debug|Mixed Platforms.Build.0 = Debug|Any CPU
		{FF39BAC2-BBF4-491C-A642-38A8485206CF}.Debug|x86.ActiveCfg = Debug|Any CPU
		{FF39BAC2-BBF4-491C-A642-38A8485206CF}.Release|Any CPU.ActiveCfg = Release|Any CPU
		{FF39BAC2-BBF4-491C-A642-38A8485206CF}.Release|Any CPU.Build.0 = Release|Any CPU
		{FF39BAC2-BBF4-491C-A642-38A8485206CF}.Release|Mixed Platforms.ActiveCfg = Release|Any CPU
		{FF39BAC2-BBF4-491C-A642-38A8485206CF}.Release|Mixed Platforms.Build.0 = Release|Any CPU
		{FF39BAC2-BBF4-491C-A642-38A8485206CF}.Release|x86.ActiveCfg = Release|Any CPU
		{3B577C98-33BA-4868-BA84-0A49CC30E3A4}.Debug|Any CPU.ActiveCfg = Debug|Any CPU
		{3B577C98-33BA-4868-BA84-0A49CC30E3A4}.Debug|Any CPU.Build.0 = Debug|Any CPU
		{3B577C98-33BA-4868-BA84-0A49CC30E3A4}.Debug|Mixed Platforms.ActiveCfg = Debug|Any CPU
		{3B577C98-33BA-4868-BA84-0A49CC30E3A4}.Debug|Mixed Platforms.Build.0 = Debug|Any CPU
		{3B577C98-33BA-4868-BA84-0A49CC30E3A4}.Debug|x86.ActiveCfg = Debug|Any CPU
		{3B577C98-33BA-4868-BA84-0A49CC30E3A4}.Release|Any CPU.ActiveCfg = Release|Any CPU
		{3B577C98-33BA-4868-BA84-0A49CC30E3A4}.Release|Any CPU.Build.0 = Release|Any CPU
		{3B577C98-33BA-4868-BA84-0A49CC30E3A4}.Release|Mixed Platforms.ActiveCfg = Release|Any CPU
		{3B577C98-33BA-4868-BA84-0A49CC30E3A4}.Release|Mixed Platforms.Build.0 = Release|Any CPU
		{3B577C98-33BA-4868-BA84-0A49CC30E3A4}.Release|x86.ActiveCfg = Release|Any CPU
		{C54CEA7E-C22B-47F4-B368-98B9A90456E6}.Debug|Any CPU.ActiveCfg = Debug|Any CPU
		{C54CEA7E-C22B-47F4-B368-98B9A90456E6}.Debug|Any CPU.Build.0 = Debug|Any CPU
		{C54CEA7E-C22B-47F4-B368-98B9A90456E6}.Debug|Mixed Platforms.ActiveCfg = Debug|Any CPU
		{C54CEA7E-C22B-47F4-B368-98B9A90456E6}.Debug|Mixed Platforms.Build.0 = Debug|Any CPU
		{C54CEA7E-C22B-47F4-B368-98B9A90456E6}.Debug|x86.ActiveCfg = Debug|Any CPU
		{C54CEA7E-C22B-47F4-B368-98B9A90456E6}.Release|Any CPU.ActiveCfg = Release|Any CPU
		{C54CEA7E-C22B-47F4-B368-98B9A90456E6}.Release|Any CPU.Build.0 = Release|Any CPU
		{C54CEA7E-C22B-47F4-B368-98B9A90456E6}.Release|Mixed Platforms.ActiveCfg = Release|Any CPU
		{C54CEA7E-C22B-47F4-B368-98B9A90456E6}.Release|Mixed Platforms.Build.0 = Release|Any CPU
		{C54CEA7E-C22B-47F4-B368-98B9A90456E6}.Release|x86.ActiveCfg = Release|Any CPU
		{5F2DD5F7-E275-4C34-B394-F7D496D9503D}.Debug|Any CPU.ActiveCfg = Debug|x86
		{5F2DD5F7-E275-4C34-B394-F7D496D9503D}.Debug|Mixed Platforms.ActiveCfg = Debug|x86
		{5F2DD5F7-E275-4C34-B394-F7D496D9503D}.Debug|Mixed Platforms.Build.0 = Debug|x86
		{5F2DD5F7-E275-4C34-B394-F7D496D9503D}.Debug|x86.ActiveCfg = Debug|x86
		{5F2DD5F7-E275-4C34-B394-F7D496D9503D}.Debug|x86.Build.0 = Debug|x86
		{5F2DD5F7-E275-4C34-B394-F7D496D9503D}.Release|Any CPU.ActiveCfg = Release|x86
		{5F2DD5F7-E275-4C34-B394-F7D496D9503D}.Release|Mixed Platforms.ActiveCfg = Release|x86
		{5F2DD5F7-E275-4C34-B394-F7D496D9503D}.Release|Mixed Platforms.Build.0 = Release|x86
		{5F2DD5F7-E275-4C34-B394-F7D496D9503D}.Release|x86.ActiveCfg = Release|x86
		{5F2DD5F7-E275-4C34-B394-F7D496D9503D}.Release|x86.Build.0 = Release|x86
	EndGlobalSection
	GlobalSection(SolutionProperties) = preSolution
		HideSolutionNode = FALSE
	EndGlobalSection
EndGlobal
